
Microsoft Visual Studio Solution File, Format Version 12.00
# Visual Studio Version 17
VisualStudioVersion = 17.14.36401.2
MinimumVisualStudioVersion = 10.0.40219.1
Project("{FAE04EC0-301F-11D3-BF4B-00C04F79EFBC}") = "FicticiaBackend", "FicticiaSA.Backend\FicticiaBackend.csproj", "{ABC2A3F7-265D-44AE-8620-53EEE8D78A00}"
EndProject
Project("{2150E333-8FDC-42A3-9474-1A3956D46DE8}") = "FicticiaSA.Backend", "FicticiaSA.Backend", "{33F67A71-00C7-D426-8C43-25E81F75928A}"
EndProject
Project("{FAE04EC0-301F-11D3-BF4B-00C04F79EFBC}") = "FicticiaSA.Backend.Tests", "FicticiaSA.Backend.Tests\FicticiaSA.Backend.Tests.csproj", "{22BD2257-2888-4B9B-97CE-4C08A97811BD}"
EndProject
Global
	GlobalSection(SolutionConfigurationPlatforms) = preSolution
		Debug|Any CPU = Debug|Any CPU
		Debug|x64 = Debug|x64
		Debug|x86 = Debug|x86
		Release|Any CPU = Release|Any CPU
		Release|x64 = Release|x64
		Release|x86 = Release|x86
	EndGlobalSection
	GlobalSection(ProjectConfigurationPlatforms) = postSolution
		{ABC2A3F7-265D-44AE-8620-53EEE8D78A00}.Debug|Any CPU.ActiveCfg = Debug|Any CPU
		{ABC2A3F7-265D-44AE-8620-53EEE8D78A00}.Debug|Any CPU.Build.0 = Debug|Any CPU
		{ABC2A3F7-265D-44AE-8620-53EEE8D78A00}.Debug|x64.ActiveCfg = Debug|Any CPU
		{ABC2A3F7-265D-44AE-8620-53EEE8D78A00}.Debug|x64.Build.0 = Debug|Any CPU
		{ABC2A3F7-265D-44AE-8620-53EEE8D78A00}.Debug|x86.ActiveCfg = Debug|Any CPU
		{ABC2A3F7-265D-44AE-8620-53EEE8D78A00}.Debug|x86.Build.0 = Debug|Any CPU
		{ABC2A3F7-265D-44AE-8620-53EEE8D78A00}.Release|Any CPU.ActiveCfg = Release|Any CPU
		{ABC2A3F7-265D-44AE-8620-53EEE8D78A00}.Release|Any CPU.Build.0 = Release|Any CPU
		{ABC2A3F7-265D-44AE-8620-53EEE8D78A00}.Release|x64.ActiveCfg = Release|Any CPU
		{ABC2A3F7-265D-44AE-8620-53EEE8D78A00}.Release|x64.Build.0 = Release|Any CPU
		{ABC2A3F7-265D-44AE-8620-53EEE8D78A00}.Release|x86.ActiveCfg = Release|Any CPU
		{ABC2A3F7-265D-44AE-8620-53EEE8D78A00}.Release|x86.Build.0 = Release|Any CPU
		{22BD2257-2888-4B9B-97CE-4C08A97811BD}.Debug|Any CPU.ActiveCfg = Debug|Any CPU
		{22BD2257-2888-4B9B-97CE-4C08A97811BD}.Debug|Any CPU.Build.0 = Debug|Any CPU
		{22BD2257-2888-4B9B-97CE-4C08A97811BD}.Debug|x64.ActiveCfg = Debug|Any CPU
		{22BD2257-2888-4B9B-97CE-4C08A97811BD}.Debug|x64.Build.0 = Debug|Any CPU
		{22BD2257-2888-4B9B-97CE-4C08A97811BD}.Debug|x86.ActiveCfg = Debug|Any CPU
		{22BD2257-2888-4B9B-97CE-4C08A97811BD}.Debug|x86.Build.0 = Debug|Any CPU
		{22BD2257-2888-4B9B-97CE-4C08A97811BD}.Release|Any CPU.ActiveCfg = Release|Any CPU
		{22BD2257-2888-4B9B-97CE-4C08A97811BD}.Release|Any CPU.Build.0 = Release|Any CPU
		{22BD2257-2888-4B9B-97CE-4C08A97811BD}.Release|x64.ActiveCfg = Release|Any CPU
		{22BD2257-2888-4B9B-97CE-4C08A97811BD}.Release|x64.Build.0 = Release|Any CPU
		{22BD2257-2888-4B9B-97CE-4C08A97811BD}.Release|x86.ActiveCfg = Release|Any CPU
		{22BD2257-2888-4B9B-97CE-4C08A97811BD}.Release|x86.Build.0 = Release|Any CPU
	EndGlobalSection
	GlobalSection(SolutionProperties) = preSolution
		HideSolutionNode = FALSE
	EndGlobalSection
	GlobalSection(ExtensibilityGlobals) = postSolution
		SolutionGuid = {E97AF1EE-8EAE-4D9B-AEA2-5F29F863949D}
	EndGlobalSection
EndGlobal
